version = 1
revision = 3
requires-python = ">=3.12"

[[package]]
name = "colorama"
version = "0.4.6"
source = { registry = "https://pypi.org/simple" }
sdist = { url = "https://files.pythonhosted.org/packages/d8/53/6f443c9a4a8358a93a6792e2acffb9d9d5cb0a5cfd8802644b7b1c9a02e4/colorama-0.4.6.tar.gz", hash = "sha256:08695f5cb7ed6e0531a20572697297273c47b8cae5a63ffc6d6ed5c201be6e44", size = 27697, upload-time = "2022-10-25T02:36:22.414Z" }
wheels = [
    { url = "https://files.pythonhosted.org/packages/d1/d6/3965ed04c63042e047cb6a3e6ed1a63a35087b6a609aa3a15ed8ac56c221/colorama-0.4.6-py2.py3-none-any.whl", hash = "sha256:4f1d9991f5acc0ca119f9d443620b77f9d6b33703e51011c16baf57afb285fc6", size = 25335, upload-time = "2022-10-25T02:36:20.889Z" },
]

[[package]]
name = "colorlog"
version = "6.7.0"
source = { registry = "https://pypi.org/simple" }
dependencies = [
    { name = "colorama", marker = "sys_platform == 'win32'" },
]
sdist = { url = "https://files.pythonhosted.org/packages/78/6b/4e5481ddcdb9c255b2715f54c863629f1543e97bc8c309d1c5c131ad14f2/colorlog-6.7.0.tar.gz", hash = "sha256:bd94bd21c1e13fac7bd3153f4bc3a7dc0eb0974b8bc2fdf1a989e474f6e582e5", size = 29920, upload-time = "2022-08-29T14:51:27.945Z" }
wheels = [
    { url = "https://files.pythonhosted.org/packages/58/43/a363c213224448f9e194d626221123ce00e3fb3d87c0c22aed52b620bdd1/colorlog-6.7.0-py2.py3-none-any.whl", hash = "sha256:0d33ca236784a1ba3ff9c532d4964126d8a2c44f1f0cb1d2b0728196f512f662", size = 11286, upload-time = "2022-08-29T14:51:26.426Z" },
]

[[package]]
name = "ffmpeg-normalize"
version = "1.37.3"
source = { registry = "https://pypi.org/simple" }
dependencies = [
    { name = "colorama", marker = "sys_platform == 'win32'" },
    { name = "colorlog" },
    { name = "ffmpeg-progress-yield" },
    { name = "mutagen" },
    { name = "tqdm" },
]
sdist = { url = "https://files.pythonhosted.org/packages/d8/77/4fe5b7f721d5cc18173515f37f9f33d9742654564d62f0710fb31deb9296/ffmpeg_normalize-1.37.3.tar.gz", hash = "sha256:98de2f9a2493f8b57906ffd067d3efa37ab385369e0f73290daf2c2cdaa3796d", size = 33987, upload-time = "2026-02-08T19:23:29.695Z" }
wheels = [
    { url = "https://files.pythonhosted.org/packages/6e/be/beb66d03c216024841d6370d2bb3ad28efd9d88defaae05b02c5d9089383/ffmpeg_normalize-1.37.3-py3-none-any.whl", hash = "sha256:699711ed5ae37f387cec74c5d14e6948a073f44bc0a2d3b381fd549a19f132f7", size = 40338, upload-time = "2026-02-08T19:23:28.458Z" },
]

[[package]]
name = "ffmpeg-progress-yield"
version = "1.1.2"
source = { registry = "https://pypi.org/simple" }
dependencies = [
    { name = "tqdm" },
]
sdist = { url = "https://files.pythonhosted.org/packages/ee/52/ef3dbb7509ec04288908ae5c1ea6cdea880aa8fa1236f37742d9f6639399/ffmpeg_progress_yield-1.1.2.tar.gz", hash = "sha256:bebdfb26f1e47dd3a1334692496ed35fb43fb0bbdc7e1b5263b3dde9e02e955e", size = 9917, upload-time = "2026-02-07T19:00:51.2Z" }
wheels = [
    { url = "https://files.pythonhosted.org/packages/a8/ac/c2264ddd52d0427313fe7be0e9811f1814036b96ef5665dbfa371b02455e/ffmpeg_progress_yield-1.1.2-py3-none-any.whl", hash = "sha256:9a95d02c7530739e86d69dbb92c7ca98d035756b37b562b05af128ee2378682b", size = 12678, upload-time = "2026-02-07T19:00:50.087Z" },
]

[[package]]
name = "ffmpeg-python"
version = "0.2.0"
source = { registry = "https://pypi.org/simple" }
dependencies = [
    { name = "future" },
]
sdist = { url = "https://files.pythonhosted.org/packages/dd/5e/d5f9105d59c1325759d838af4e973695081fbbc97182baf73afc78dec266/ffmpeg-python-0.2.0.tar.gz", hash = "sha256:65225db34627c578ef0e11c8b1eb528bb35e024752f6f10b78c011f6f64c4127", size = 21543, upload-time = "2019-07-06T00:19:08.989Z" }
wheels = [
    { url = "https://files.pythonhosted.org/packages/d7/0c/56be52741f75bad4dc6555991fabd2e07b432d333da82c11ad701123888a/ffmpeg_python-0.2.0-py3-none-any.whl", hash = "sha256:ac441a0404e053f8b6a1113a77c0f452f1cfc62f6344a769475ffdc0f56c23c5", size = 25024, upload-time = "2019-07-06T00:19:07.215Z" },
]

[[package]]
name = "future"
version = "1.0.0"
source = { registry = "https://pypi.org/simple" }
sdist = { url = "https://files.pythonhosted.org/packages/a7/b2/4140c69c6a66432916b26158687e821ba631a4c9273c474343badf84d3ba/future-1.0.0.tar.gz", hash = "sha256:bd2968309307861edae1458a4f8a4f3598c03be43b97521076aebf5d94c07b05", size = 1228490, upload-time = "2024-02-21T11:52:38.461Z" }
wheels = [
    { url = "https://files.pythonhosted.org/packages/da/71/ae30dadffc90b9006d77af76b393cb9dfbfc9629f339fc1574a1c52e6806/future-1.0.0-py3-none-any.whl", hash = "sha256:929292d34f5872e70396626ef385ec22355a1fae8ad29e1a734c3e43f9fbc216", size = 491326, upload-time = "2024-02-21T11:52:35.956Z" },
]

[[package]]
name = "mutagen"
version = "1.47.0"
source = { registry = "https://pypi.org/simple" }
sdist = { url = "https://files.pythonhosted.org/packages/81/e6/64bc71b74eef4b68e61eb921dcf72dabd9e4ec4af1e11891bbd312ccbb77/mutagen-1.47.0.tar.gz", hash = "sha256:719fadef0a978c31b4cf3c956261b3c58b6948b32023078a2117b1de09f0fc99", size = 1274186, upload-time = "2023-09-03T16:33:33.411Z" }
wheels = [
    { url = "https://files.pythonhosted.org/packages/b0/7a/620f945b96be1f6ee357d211d5bf74ab1b7fe72a9f1525aafbfe3aee6875/mutagen-1.47.0-py3-none-any.whl", hash = "sha256:edd96f50c5907a9539d8e5bba7245f62c9f520aef333d13392a79a4f70aca719", size = 194391, upload-time = "2023-09-03T16:33:29.955Z" },
]

[[package]]
name = "tqdm"
version = "4.67.3"
source = { registry = "https://pypi.org/simple" }
dependencies = [
    { name = "colorama", marker = "sys_platform == 'win32'" },
]
sdist = { url = "https://files.pythonhosted.org/packages/09/a9/6ba95a270c6f1fbcd8dac228323f2777d886cb206987444e4bce66338dd4/tqdm-4.67.3.tar.gz", hash = "sha256:7d825f03f89244ef73f1d4ce193cb1774a8179fd96f31d7e1dcde62092b960bb", size = 169598, upload-time = "2026-02-03T17:35:53.048Z" }
wheels = [
    { url = "https://files.pythonhosted.org/packages/16/e1/3079a9ff9b8e11b846c6ac5c8b5bfb7ff225eee721825310c91b3b50304f/tqdm-4.67.3-py3-none-any.whl", hash = "sha256:ee1e4c0e59148062281c49d80b25b67771a127c85fc9676d3be5f243206826bf", size = 78374, upload-time = "2026-02-03T17:35:50.982Z" },
]

[[package]]
name = "video-enhancer"
version = "0.1.0"
source = { virtual = "." }
dependencies = [
    { name = "ffmpeg-normalize" },
    { name = "ffmpeg-python" },
]

[package.metadata]
requires-dist = [
    { name = "ffmpeg-normalize" },
    { name = "ffmpeg-python" },
]
